// !$*UTF8*$!
{
	archiveVersion = 1;
	classes = {
	};
	objectVersion = 46;
	objects = {

/* Begin PBXBuildFile section */
		CD47690A1A433C2D00ACD1C8 /* Foundation.framework in Frameworks */ = {isa = PBXBuildFile; fileRef = CD4769091A433C2D00ACD1C8 /* Foundation.framework */; };
		CD47690C1A433C2D00ACD1C8 /* CoreGraphics.framework in Frameworks */ = {isa = PBXBuildFile; fileRef = CD47690B1A433C2D00ACD1C8 /* CoreGraphics.framework */; };
		CD47690E1A433C2D00ACD1C8 /* UIKit.framework in Frameworks */ = {isa = PBXBuildFile; fileRef = CD47690D1A433C2D00ACD1C8 /* UIKit.framework */; };
		CD4769141A433C2D00ACD1C8 /* InfoPlist.strings in Resources */ = {isa = PBXBuildFile; fileRef = CD4769121A433C2D00ACD1C8 /* InfoPlist.strings */; };
		CD4769161A433C2D00ACD1C8 /* main.m in Sources */ = {isa = PBXBuildFile; fileRef = CD4769151A433C2D00ACD1C8 /* main.m */; };
		CD47691A1A433C2D00ACD1C8 /* VTNAppDelegate.m in Sources */ = {isa = PBXBuildFile; fileRef = CD4769191A433C2D00ACD1C8 /* VTNAppDelegate.m */; };
		CD47691C1A433C2D00ACD1C8 /* Images.xcassets in Resources */ = {isa = PBXBuildFile; fileRef = CD47691B1A433C2D00ACD1C8 /* Images.xcassets */; };
		CD4769231A433C2D00ACD1C8 /* XCTest.framework in Frameworks */ = {isa = PBXBuildFile; fileRef = CD4769221A433C2D00ACD1C8 /* XCTest.framework */; };
		CD4769241A433C2D00ACD1C8 /* Foundation.framework in Frameworks */ = {isa = PBXBuildFile; fileRef = CD4769091A433C2D00ACD1C8 /* Foundation.framework */; };
		CD4769251A433C2D00ACD1C8 /* UIKit.framework in Frameworks */ = {isa = PBXBuildFile; fileRef = CD47690D1A433C2D00ACD1C8 /* UIKit.framework */; };
		CD47692D1A433C2D00ACD1C8 /* InfoPlist.strings in Resources */ = {isa = PBXBuildFile; fileRef = CD47692B1A433C2D00ACD1C8 /* InfoPlist.strings */; };
		CD47692F1A433C2D00ACD1C8 /* EPRI_VTN_ACCESSTests.m in Sources */ = {isa = PBXBuildFile; fileRef = CD47692E1A433C2D00ACD1C8 /* EPRI_VTN_ACCESSTests.m */; };
		CD4769391A433C8D00ACD1C8 /* Main.storyboard in Resources */ = {isa = PBXBuildFile; fileRef = CD4769381A433C8D00ACD1C8 /* Main.storyboard */; };
/* End PBXBuildFile section */

/* Begin PBXContainerItemProxy section */
		CD4769261A433C2D00ACD1C8 /* PBXContainerItemProxy */ = {
			isa = PBXContainerItemProxy;
			containerPortal = CD4768FE1A433C2D00ACD1C8 /* Project object */;
			proxyType = 1;
			remoteGlobalIDString = CD4769051A433C2D00ACD1C8;
			remoteInfo = EPRI_VTN_ACCESS;
		};
/* End PBXContainerItemProxy section */

/* Begin PBXFileReference section */
		CD4769061A433C2D00ACD1C8 /* EPRI_VTN_ACCESS.app */ = {isa = PBXFileReference; explicitFileType = wrapper.application; includeInIndex = 0; path = EPRI_VTN_ACCESS.app; sourceTree = BUILT_PRODUCTS_DIR; };
		CD4769091A433C2D00ACD1C8 /* Foundation.framework */ = {isa = PBXFileReference; lastKnownFileType = wrapper.framework; name = Foundation.framework; path = System/Library/Frameworks/Foundation.framework; sourceTree = SDKROOT; };
		CD47690B1A433C2D00ACD1C8 /* CoreGraphics.framework */ = {isa = PBXFileReference; lastKnownFileType = wrapper.framework; name = CoreGraphics.framework; path = System/Library/Frameworks/CoreGraphics.framework; sourceTree = SDKROOT; };
		CD47690D1A433C2D00ACD1C8 /* UIKit.framework */ = {isa = PBXFileReference; lastKnownFileType = wrapper.framework; name = UIKit.framework; path = System/Library/Frameworks/UIKit.framework; sourceTree = SDKROOT; };
		CD4769111A433C2D00ACD1C8 /* EPRI_VTN_ACCESS-Info.plist */ = {isa = PBXFileReference; lastKnownFileType = text.plist.xml; path = "EPRI_VTN_ACCESS-Info.plist"; sourceTree = "<group>"; };
		CD4769131A433C2D00ACD1C8 /* en */ = {isa = PBXFileReference; lastKnownFileType = text.plist.strings; name = en; path = en.lproj/InfoPlist.strings; sourceTree = "<group>"; };
		CD4769151A433C2D00ACD1C8 /* main.m */ = {isa = PBXFileReference; lastKnownFileType = sourcecode.c.objc; path = main.m; sourceTree = "<group>"; };
		CD4769171A433C2D00ACD1C8 /* EPRI_VTN_ACCESS-Prefix.pch */ = {isa = PBXFileReference; lastKnownFileType = sourcecode.c.h; path = "EPRI_VTN_ACCESS-Prefix.pch"; sourceTree = "<group>"; };
		CD4769181A433C2D00ACD1C8 /* VTNAppDelegate.h */ = {isa = PBXFileReference; lastKnownFileType = sourcecode.c.h; path = VTNAppDelegate.h; sourceTree = "<group>"; };
		CD4769191A433C2D00ACD1C8 /* VTNAppDelegate.m */ = {isa = PBXFileReference; lastKnownFileType = sourcecode.c.objc; path = VTNAppDelegate.m; sourceTree = "<group>"; };
		CD47691B1A433C2D00ACD1C8 /* Images.xcassets */ = {isa = PBXFileReference; lastKnownFileType = folder.assetcatalog; path = Images.xcassets; sourceTree = "<group>"; };
		CD4769211A433C2D00ACD1C8 /* EPRI_VTN_ACCESSTests.xctest */ = {isa = PBXFileReference; explicitFileType = wrapper.cfbundle; includeInIndex = 0; path = EPRI_VTN_ACCESSTests.xctest; sourceTree = BUILT_PRODUCTS_DIR; };
		CD4769221A433C2D00ACD1C8 /* XCTest.framework */ = {isa = PBXFileReference; lastKnownFileType = wrapper.framework; name = XCTest.framework; path = Library/Frameworks/XCTest.framework; sourceTree = DEVELOPER_DIR; };
		CD47692A1A433C2D00ACD1C8 /* EPRI_VTN_ACCESSTests-Info.plist */ = {isa = PBXFileReference; lastKnownFileType = text.plist.xml; path = "EPRI_VTN_ACCESSTests-Info.plist"; sourceTree = "<group>"; };
		CD47692C1A433C2D00ACD1C8 /* en */ = {isa = PBXFileReference; lastKnownFileType = text.plist.strings; name = en; path = en.lproj/InfoPlist.strings; sourceTree = "<group>"; };
		CD47692E1A433C2D00ACD1C8 /* EPRI_VTN_ACCESSTests.m */ = {isa = PBXFileReference; lastKnownFileType = sourcecode.c.objc; path = EPRI_VTN_ACCESSTests.m; sourceTree = "<group>"; };
		CD4769381A433C8D00ACD1C8 /* Main.storyboard */ = {isa = PBXFileReference; fileEncoding = 4; lastKnownFileType = file.storyboard; path = Main.storyboard; sourceTree = "<group>"; };
/* End PBXFileReference section */

/* Begin PBXFrameworksBuildPhase section */
		CD4769031A433C2D00ACD1C8 /* Frameworks */ = {
			isa = PBXFrameworksBuildPhase;
			buildActionMask = 2147483647;
			files = (
				CD47690C1A433C2D00ACD1C8 /* CoreGraphics.framework in Frameworks */,
				CD47690E1A433C2D00ACD1C8 /* UIKit.framework in Frameworks */,
				CD47690A1A433C2D00ACD1C8 /* Foundation.framework in Frameworks */,
			);
			runOnlyForDeploymentPostprocessing = 0;
		};
		CD47691E1A433C2D00ACD1C8 /* Frameworks */ = {
			isa = PBXFrameworksBuildPhase;
			buildActionMask = 2147483647;
			files = (
				CD4769231A433C2D00ACD1C8 /* XCTest.framework in Frameworks */,
				CD4769251A433C2D00ACD1C8 /* UIKit.framework in Frameworks */,
				CD4769241A433C2D00ACD1C8 /* Foundation.framework in Frameworks */,
			);
			runOnlyForDeploymentPostprocessing = 0;
		};
/* End PBXFrameworksBuildPhase section */

/* Begin PBXGroup section */
		CD4768FD1A433C2D00ACD1C8 = {
			isa = PBXGroup;
			children = (
				CD47690F1A433C2D00ACD1C8 /* EPRI_VTN_ACCESS */,
				CD4769281A433C2D00ACD1C8 /* EPRI_VTN_ACCESSTests */,
				CD4769081A433C2D00ACD1C8 /* Frameworks */,
				CD4769071A433C2D00ACD1C8 /* Products */,
			);
			sourceTree = "<group>";
		};
		CD4769071A433C2D00ACD1C8 /* Products */ = {
			isa = PBXGroup;
			children = (
				CD4769061A433C2D00ACD1C8 /* EPRI_VTN_ACCESS.app */,
				CD4769211A433C2D00ACD1C8 /* EPRI_VTN_ACCESSTests.xctest */,
			);
			name = Products;
			sourceTree = "<group>";
		};
		CD4769081A433C2D00ACD1C8 /* Frameworks */ = {
			isa = PBXGroup;
			children = (
				CD4769091A433C2D00ACD1C8 /* Foundation.framework */,
				CD47690B1A433C2D00ACD1C8 /* CoreGraphics.framework */,
				CD47690D1A433C2D00ACD1C8 /* UIKit.framework */,
				CD4769221A433C2D00ACD1C8 /* XCTest.framework */,
			);
			name = Frameworks;
			sourceTree = "<group>";
		};
		CD47690F1A433C2D00ACD1C8 /* EPRI_VTN_ACCESS */ = {
			isa = PBXGroup;
			children = (
				CD4769181A433C2D00ACD1C8 /* VTNAppDelegate.h */,
				CD4769191A433C2D00ACD1C8 /* VTNAppDelegate.m */,
				CD4769381A433C8D00ACD1C8 /* Main.storyboard */,
				CD47691B1A433C2D00ACD1C8 /* Images.xcassets */,
				CD4769101A433C2D00ACD1C8 /* Supporting Files */,
			);
			path = EPRI_VTN_ACCESS;
			sourceTree = "<group>";
		};
		CD4769101A433C2D00ACD1C8 /* Supporting Files */ = {
			isa = PBXGroup;
			children = (
				CD4769111A433C2D00ACD1C8 /* EPRI_VTN_ACCESS-Info.plist */,
				CD4769121A433C2D00ACD1C8 /* InfoPlist.strings */,
				CD4769151A433C2D00ACD1C8 /* main.m */,
				CD4769171A433C2D00ACD1C8 /* EPRI_VTN_ACCESS-Prefix.pch */,
			);
			name = "Supporting Files";
			sourceTree = "<group>";
		};
		CD4769281A433C2D00ACD1C8 /* EPRI_VTN_ACCESSTests */ = {
			isa = PBXGroup;
			children = (
				CD47692E1A433C2D00ACD1C8 /* EPRI_VTN_ACCESSTests.m */,
				CD4769291A433C2D00ACD1C8 /* Supporting Files */,
			);
			path = EPRI_VTN_ACCESSTests;
			sourceTree = "<group>";
		};
		CD4769291A433C2D00ACD1C8 /* Supporting Files */ = {
			isa = PBXGroup;
			children = (
				CD47692A1A433C2D00ACD1C8 /* EPRI_VTN_ACCESSTests-Info.plist */,
				CD47692B1A433C2D00ACD1C8 /* InfoPlist.strings */,
			);
			name = "Supporting Files";
			sourceTree = "<group>";
		};
/* End PBXGroup section */

/* Begin PBXNativeTarget section */
		CD4769051A433C2D00ACD1C8 /* EPRI_VTN_ACCESS */ = {
			isa = PBXNativeTarget;
			buildConfigurationList = CD4769321A433C2D00ACD1C8 /* Build configuration list for PBXNativeTarget "EPRI_VTN_ACCESS" */;
			buildPhases = (
				CD4769021A433C2D00ACD1C8 /* Sources */,
				CD4769031A433C2D00ACD1C8 /* Frameworks */,
				CD4769041A433C2D00ACD1C8 /* Resources */,
			);
			buildRules = (
			);
			dependencies = (
			);
			name = EPRI_VTN_ACCESS;
			productName = EPRI_VTN_ACCESS;
			productReference = CD4769061A433C2D00ACD1C8 /* EPRI_VTN_ACCESS.app */;
			productType = "com.apple.product-type.application";
		};
		CD4769201A433C2D00ACD1C8 /* EPRI_VTN_ACCESSTests */ = {
			isa = PBXNativeTarget;
			buildConfigurationList = CD4769351A433C2D00ACD1C8 /* Build configuration list for PBXNativeTarget "EPRI_VTN_ACCESSTests" */;
			buildPhases = (
				CD47691D1A433C2D00ACD1C8 /* Sources */,
				CD47691E1A433C2D00ACD1C8 /* Frameworks */,
				CD47691F1A433C2D00ACD1C8 /* Resources */,
			);
			buildRules = (
			);
			dependencies = (
				CD4769271A433C2D00ACD1C8 /* PBXTargetDependency */,
			);
			name = EPRI_VTN_ACCESSTests;
			productName = EPRI_VTN_ACCESSTests;
			productReference = CD4769211A433C2D00ACD1C8 /* EPRI_VTN_ACCESSTests.xctest */;
			productType = "com.apple.product-type.bundle.unit-test";
		};
/* End PBXNativeTarget section */

/* Begin PBXProject section */
		CD4768FE1A433C2D00ACD1C8 /* Project object */ = {
			isa = PBXProject;
			attributes = {
				CLASSPREFIX = VTN;
				LastUpgradeCheck = 0510;
				ORGANIZATIONNAME = Nebland;
				TargetAttributes = {
					CD4769201A433C2D00ACD1C8 = {
						TestTargetID = CD4769051A433C2D00ACD1C8;
					};
				};
			};
			buildConfigurationList = CD4769011A433C2D00ACD1C8 /* Build configuration list for PBXProject "EPRI_VTN_ACCESS" */;
			compatibilityVersion = "Xcode 3.2";
			developmentRegion = English;
			hasScannedForEncodings = 0;
			knownRegions = (
				en,
			);
			mainGroup = CD4768FD1A433C2D00ACD1C8;
			productRefGroup = CD4769071A433C2D00ACD1C8 /* Products */;
			projectDirPath = "";
			projectRoot = "";
			targets = (
				CD4769051A433C2D00ACD1C8 /* EPRI_VTN_ACCESS */,
				CD4769201A433C2D00ACD1C8 /* EPRI_VTN_ACCESSTests */,
			);
		};
/* End PBXProject section */

/* Begin PBXResourcesBuildPhase section */
		CD4769041A433C2D00ACD1C8 /* Resources */ = {
			isa = PBXResourcesBuildPhase;
			buildActionMask = 2147483647;
			files = (
				CD4769391A433C8D00ACD1C8 /* Main.storyboard in Resources */,
				CD4769141A433C2D00ACD1C8 /* InfoPlist.strings in Resources */,
				CD47691C1A433C2D00ACD1C8 /* Images.xcassets in Resources */,
			);
			runOnlyForDeploymentPostprocessing = 0;
		};
		CD47691F1A433C2D00ACD1C8 /* Resources */ = {
			isa = PBXResourcesBuildPhase;
			buildActionMask = 2147483647;
			files = (
				CD47692D1A433C2D00ACD1C8 /* InfoPlist.strings in Resources */,
			);
			runOnlyForDeploymentPostprocessing = 0;
		};
/* End PBXResourcesBuildPhase section */

/* Begin PBXSourcesBuildPhase section */
		CD4769021A433C2D00ACD1C8 /* Sources */ = {
			isa = PBXSourcesBuildPhase;
			buildActionMask = 2147483647;
			files = (
				CD4769161A433C2D00ACD1C8 /* main.m in Sources */,
				CD47691A1A433C2D00ACD1C8 /* VTNAppDelegate.m in Sources */,
			);
			runOnlyForDeploymentPostprocessing = 0;
		};
		CD47691D1A433C2D00ACD1C8 /* Sources */ = {
			isa = PBXSourcesBuildPhase;
			buildActionMask = 2147483647;
			files = (
				CD47692F1A433C2D00ACD1C8 /* EPRI_VTN_ACCESSTests.m in Sources */,
			);
			runOnlyForDeploymentPostprocessing = 0;
		};
/* End PBXSourcesBuildPhase section */

/* Begin PBXTargetDependency section */
		CD4769271A433C2D00ACD1C8 /* PBXTargetDependency */ = {
			isa = PBXTargetDependency;
			target = CD4769051A433C2D00ACD1C8 /* EPRI_VTN_ACCESS */;
			targetProxy = CD4769261A433C2D00ACD1C8 /* PBXContainerItemProxy */;
		};
/* End PBXTargetDependency section */

/* Begin PBXVariantGroup section */
		CD4769121A433C2D00ACD1C8 /* InfoPlist.strings */ = {
			isa = PBXVariantGroup;
			children = (
				CD4769131A433C2D00ACD1C8 /* en */,
			);
			name = InfoPlist.strings;
			sourceTree = "<group>";
		};
		CD47692B1A433C2D00ACD1C8 /* InfoPlist.strings */ = {
			isa = PBXVariantGroup;
			children = (
				CD47692C1A433C2D00ACD1C8 /* en */,
			);
			name = InfoPlist.strings;
			sourceTree = "<group>";
		};
/* End PBXVariantGroup section */

/* Begin XCBuildConfiguration section */
		CD4769301A433C2D00ACD1C8 /* Debug */ = {
			isa = XCBuildConfiguration;
			buildSettings = {
				ALWAYS_SEARCH_USER_PATHS = NO;
				CLANG_CXX_LANGUAGE_STANDARD = "gnu++0x";
				CLANG_CXX_LIBRARY = "libc++";
				CLANG_ENABLE_MODULES = YES;
				CLANG_ENABLE_OBJC_ARC = YES;
				CLANG_WARN_BOOL_CONVERSION = YES;
				CLANG_WARN_CONSTANT_CONVERSION = YES;
				CLANG_WARN_DIRECT_OBJC_ISA_USAGE = YES_ERROR;
				CLANG_WARN_EMPTY_BODY = YES;
				CLANG_WARN_ENUM_CONVERSION = YES;
				CLANG_WARN_INT_CONVERSION = YES;
				CLANG_WARN_OBJC_ROOT_CLASS = YES_ERROR;
				CLANG_WARN__DUPLICATE_METHOD_MATCH = YES;
				"CODE_SIGN_IDENTITY[sdk=iphoneos*]" = "iPhone Developer";
				COPY_PHASE_STRIP = NO;
				GCC_C_LANGUAGE_STANDARD = gnu99;
				GCC_DYNAMIC_NO_PIC = NO;
				GCC_OPTIMIZATION_LEVEL = 0;
				GCC_PREPROCESSOR_DEFINITIONS = (
					"DEBUG=1",
					"$(inherited)",
				);
				GCC_SYMBOLS_PRIVATE_EXTERN = NO;
				GCC_WARN_64_TO_32_BIT_CONVERSION = YES;
				GCC_WARN_ABOUT_RETURN_TYPE = YES_ERROR;
				GCC_WARN_UNDECLARED_SELECTOR = YES;
				GCC_WARN_UNINITIALIZED_AUTOS = YES_AGGRESSIVE;
				GCC_WARN_UNUSED_FUNCTION = YES;
				GCC_WARN_UNUSED_VARIABLE = YES;
				IPHONEOS_DEPLOYMENT_TARGET = 7.1;
				ONLY_ACTIVE_ARCH = YES;
				SDKROOT = iphoneos;
			};
			name = Debug;
		};
		CD4769311A433C2D00ACD1C8 /* Release */ = {
			isa = XCBuildConfiguration;
			buildSettings = {
				ALWAYS_SEARCH_USER_PATHS = NO;
				CLANG_CXX_LANGUAGE_STANDARD = "gnu++0x";
				CLANG_CXX_LIBRARY = "libc++";
				CLANG_ENABLE_MODULES = YES;
				CLANG_ENABLE_OBJC_ARC = YES;
				CLANG_WARN_BOOL_CONVERSION = YES;
				CLANG_WARN_CONSTANT_CONVERSION = YES;
				CLANG_WARN_DIRECT_OBJC_ISA_USAGE = YES_ERROR;
				CLANG_WARN_EMPTY_BODY = YES;
				CLANG_WARN_ENUM_CONVERSION = YES;
				CLANG_WARN_INT_CONVERSION = YES;
				CLANG_WARN_OBJC_ROOT_CLASS = YES_ERROR;
				CLANG_WARN__DUPLICATE_METHOD_MATCH = YES;
				"CODE_SIGN_IDENTITY[sdk=iphoneos*]" = "iPhone Developer";
				COPY_PHASE_STRIP = YES;
				ENABLE_NS_ASSERTIONS = NO;
				GCC_C_LANGUAGE_STANDARD = gnu99;
				GCC_WARN_64_TO_32_BIT_CONVERSION = YES;
				GCC_WARN_ABOUT_RETURN_TYPE = YES_ERROR;
				GCC_WARN_UNDECLARED_SELECTOR = YES;
				GCC_WARN_UNINITIALIZED_AUTOS = YES_AGGRESSIVE;
				GCC_WARN_UNUSED_FUNCTION = YES;
				GCC_WARN_UNUSED_VARIABLE = YES;
				IPHONEOS_DEPLOYMENT_TARGET = 7.1;
				SDKROOT = iphoneos;
				VALIDATE_PRODUCT = YES;
			};
			name = Release;
		};
		CD4769331A433C2D00ACD1C8 /* Debug */ = {
			isa = XCBuildConfiguration;
			buildSettings = {
				ASSETCATALOG_COMPILER_APPICON_NAME = AppIcon;
				ASSETCATALOG_COMPILER_LAUNCHIMAGE_NAME = LaunchImage;
				GCC_PRECOMPILE_PREFIX_HEADER = YES;
				GCC_PREFIX_HEADER = "EPRI_VTN_ACCESS/EPRI_VTN_ACCESS-Prefix.pch";
				INFOPLIST_FILE = "EPRI_VTN_ACCESS/EPRI_VTN_ACCESS-Info.plist";
				PRODUCT_NAME = "$(TARGET_NAME)";
				WRAPPER_EXTENSION = app;
			};
			name = Debug;
		};
		CD4769341A433C2D00ACD1C8 /* Release */ = {
			isa = XCBuildConfiguration;
			buildSettings = {
				ASSETCATALOG_COMPILER_APPICON_NAME = AppIcon;
				ASSETCATALOG_COMPILER_LAUNCHIMAGE_NAME = LaunchImage;
				GCC_PRECOMPILE_PREFIX_HEADER = YES;
				GCC_PREFIX_HEADER = "EPRI_VTN_ACCESS/EPRI_VTN_ACCESS-Prefix.pch";
				INFOPLIST_FILE = "EPRI_VTN_ACCESS/EPRI_VTN_ACCESS-Info.plist";
				PRODUCT_NAME = "$(TARGET_NAME)";
				WRAPPER_EXTENSION = app;
			};
			name = Release;
		};
		CD4769361A433C2D00ACD1C8 /* Debug */ = {
			isa = XCBuildConfiguration;
			buildSettings = {
				BUNDLE_LOADER = "$(BUILT_PRODUCTS_DIR)/EPRI_VTN_ACCESS.app/EPRI_VTN_ACCESS";
				FRAMEWORK_SEARCH_PATHS = (
					"$(SDKROOT)/Developer/Library/Frameworks",
					"$(inherited)",
					"$(DEVELOPER_FRAMEWORKS_DIR)",
				);
				GCC_PRECOMPILE_PREFIX_HEADER = YES;
				GCC_PREFIX_HEADER = "EPRI_VTN_ACCESS/EPRI_VTN_ACCESS-Prefix.pch";
				GCC_PREPROCESSOR_DEFINITIONS = (
					"DEBUG=1",
					"$(inherited)",
				);
				INFOPLIST_FILE = "EPRI_VTN_ACCESSTests/EPRI_VTN_ACCESSTests-Info.plist";
				PRODUCT_NAME = "$(TARGET_NAME)";
				TEST_HOST = "$(BUNDLE_LOADER)";
				WRAPPER_EXTENSION = xctest;
			};
			name = Debug;
		};
		CD4769371A433C2D00ACD1C8 /* Release */ = {
			isa = XCBuildConfiguration;
			buildSettings = {
				BUNDLE_LOADER = "$(BUILT_PRODUCTS_DIR)/EPRI_VTN_ACCESS.app/EPRI_VTN_ACCESS";
				FRAMEWORK_SEARCH_PATHS = (
					"$(SDKROOT)/Developer/Library/Frameworks",
					"$(inherited)",
					"$(DEVELOPER_FRAMEWORKS_DIR)",
				);
				GCC_PRECOMPILE_PREFIX_HEADER = YES;
				GCC_PREFIX_HEADER = "EPRI_VTN_ACCESS/EPRI_VTN_ACCESS-Prefix.pch";
				INFOPLIST_FILE = "EPRI_VTN_ACCESSTests/EPRI_VTN_ACCESSTests-Info.plist";
				PRODUCT_NAME = "$(TARGET_NAME)";
				TEST_HOST = "$(BUNDLE_LOADER)";
				WRAPPER_EXTENSION = xctest;
			};
			name = Release;
		};
/* End XCBuildConfiguration section */

/* Begin XCConfigurationList section */
		CD4769011A433C2D00ACD1C8 /* Build configuration list for PBXProject "EPRI_VTN_ACCESS" */ = {
			isa = XCConfigurationList;
			buildConfigurations = (
				CD4769301A433C2D00ACD1C8 /* Debug */,
				CD4769311A433C2D00ACD1C8 /* Release */,
			);
			defaultConfigurationIsVisible = 0;
			defaultConfigurationName = Release;
		};
		CD4769321A433C2D00ACD1C8 /* Build configuration list for PBXNativeTarget "EPRI_VTN_ACCESS" */ = {
			isa = XCConfigurationList;
			buildConfigurations = (
				CD4769331A433C2D00ACD1C8 /* Debug */,
				CD4769341A433C2D00ACD1C8 /* Release */,
			);
			defaultConfigurationIsVisible = 0;
		};
		CD4769351A433C2D00ACD1C8 /* Build configuration list for PBXNativeTarget "EPRI_VTN_ACCESSTests" */ = {
			isa = XCConfigurationList;
			buildConfigurations = (
				CD4769361A433C2D00ACD1C8 /* Debug */,
				CD4769371A433C2D00ACD1C8 /* Release */,
			);
			defaultConfigurationIsVisible = 0;
		};
/* End XCConfigurationList section */
	};
	rootObject = CD4768FE1A433C2D00ACD1C8 /* Project object */;
}
